# This file is autogenerated, do not edit; changes may be undone by the next 'dep ensure'.


[[projects]]
  digest = "1:bf618941b014c2a86e4a6f39d4a26541c06fc63387fc50d4694d67eac2151f4a"
  name = "github.com/labstack/echo"
  packages = ["."]
  pruneopts = "UT"
  revision = "38772c686c76b501f94bd6cd5b77f5842e93b559"
  version = "v3.3.10"

[[projects]]
  digest = "1:358ca6e7b38fcebbc6c0fe869a01f8131f806eec0c09bb80b155a20c102a8ebc"
  name = "github.com/labstack/gommon"
  packages = [
    "color",
    "log",
  ]
  pruneopts = "UT"
  revision = "6267eb7480ded0b4c030ca5e7320417281bb4cd6"
  version = "v0.4.0"

[[projects]]
  digest = "1:0299da337d6671be3dddddd785f2af0247675f0331679cbbe929cc9e874335b4"
  name = "github.com/mattn/go-colorable"
  packages = ["."]
  pruneopts = "UT"
  revision = "11a925cff3d38c293ddc8c05a16b504e3e2c63be"
  version = "v0.1.13"

[[projects]]
  digest = "1:0a3de24cb5c1cb71a845a9a906684c31411b141dc34c6325ec71d11be35c0208"
  name = "github.com/mattn/go-isatty"
  packages = ["."]
  pruneopts = "UT"
  revision = "13e91bf4058fb93d5629deb7b2e3763ec8f4fdf8"
  version = "v0.0.16"

[[projects]]
  digest = "1:c468422f334a6b46a19448ad59aaffdfc0a36b08fdcc1c749a0b29b6453d7e59"
  name = "github.com/valyala/bytebufferpool"
  packages = ["."]
  pruneopts = "UT"
  revision = "e746df99fe4a3986f4d4f79e13c1e0117ce9c2f7"
  version = "v1.0.0"

[[projects]]
  digest = "1:39cf479e5dce68ecb40775bff6cf7aff9210bcdee9fac5dc210c7f91d29caafc"
  name = "github.com/valyala/fasttemplate"
  packages = ["."]
  pruneopts = "UT"
  revision = "2a2d1afadadf9715bfa19683cdaeac8347e5d9f9"
  version = "v1.2.2"

[[projects]]
  digest = "1:eb0b58372b1a9090a590ce4bc33e43958e62950fe362a827659750e5429c0172"
  name = "golang.org/x/crypto"
  packages = [
    "acme",
    "acme/autocert",
  ]
  pruneopts = "UT"
  revision = "eb2c406296d40946e2c0c72a50d34527a3987fff"
  version = "v0.4.0"

[[projects]]
  digest = "1:52d348f2337658b5c3ea07166c3784848482c91a9ce7c7eea0bd3716290fcba5"
  name = "golang.org/x/net"
  packages = ["idna"]
  pruneopts = "UT"
  revision = "1e63c2f08a10a150fa02c50ece89b340ae64efe4"
  version = "v0.4.0"

[[projects]]
  digest = "1:c573cfd68ce47acdf80679cb2b809126ec2b8bf6e35bfa5be82eafa97250a1af"
  name = "golang.org/x/sys"
  packages = ["unix"]
  pruneopts = "UT"
  revision = "3ca3b18c8b9bb09620854907cd3ea668c5bc6b52"
  version = "v0.3.0"

[[projects]]
  digest = "1:06f87355824464e5997f73df9f81655b5bb5d9269904bcc7a54b2c68406370da"
  name = "golang.org/x/text"
  packages = [
    "collate",
    "collate/build",
    "internal/colltab",
    "internal/gen",
    "internal/language",
    "internal/language/compact",
    "internal/tag",
    "internal/triegen",
    "internal/ucd",
    "language",
    "secure/bidirule",
    "transform",
    "unicode/bidi",
    "unicode/cldr",
    "unicode/norm",
    "unicode/rangetable",
  ]
  pruneopts = "UT"
  revision = "c8236a6712b1b530895a7182a8a9fc06f1c5cf4e"
  version = "v0.5.0"

[solve-meta]
  analyzer-name = "dep"
  analyzer-version = 1
  input-imports = ["github.com/labstack/echo"]
  solver-name = "gps-cdcl"
  solver-version = 1
